{
  "name": "mrichardsjboit-palindrome",
  "version": "0.1.0",
  "lockfileVersion": 2,
  "requires": true,
  "packages": {
    "": {
      "name": "mrichardsjboit-palindrome",
      "version": "0.1.0",
      "license": "ISC",
      "dependencies": {
        "mrichardsjboit-palindrome": "^0.1.0"
      }
    },
    "node_modules/mrichardsjboit-palindrome": {
      "version": "0.1.0",
      "resolved": "https://registry.npmjs.org/mrichardsjboit-palindrome/-/mrichardsjboit-palindrome-0.1.0.tgz",
      "integrity": "sha512-TZ5CGgI9j8E/afQbiz7A567Q6XgqC0LClQEo5WJSS5Xpqj/cVOT5cawdG5cm+3S8SGOOz4Kv3lf1PAfrW0k+1g=="
    }
  },
  "dependencies": {
    "mrichardsjboit-palindrome": {
      "version": "0.1.0",
      "resolved": "https://registry.npmjs.org/mrichardsjboit-palindrome/-/mrichardsjboit-palindrome-0.1.0.tgz",
      "integrity": "sha512-TZ5CGgI9j8E/afQbiz7A567Q6XgqC0LClQEo5WJSS5Xpqj/cVOT5cawdG5cm+3S8SGOOz4Kv3lf1PAfrW0k+1g=="
    }
  }
}
